
Microsoft Visual Studio Solution File, Format Version 12.00
# Visual Studio 15
VisualStudioVersion = 15.0.28010.2048
MinimumVisualStudioVersion = 10.0.40219.1
Project("{FAE04EC0-301F-11D3-BF4B-00C04F79EFBC}") = "hotel_reservation", "hotel_reservation\hotel_reservation.csproj", "{0CF07B17-9DF7-4117-89B2-827A2EC68CF6}"
EndProject
Global
	GlobalSection(SolutionConfigurationPlatforms) = preSolution
		Debug|Any CPU = Debug|Any CPU
		Release|Any CPU = Release|Any CPU
	EndGlobalSection
	GlobalSection(ProjectConfigurationPlatforms) = postSolution
		{0CF07B17-9DF7-4117-89B2-827A2EC68CF6}.Debug|Any CPU.ActiveCfg = Debug|Any CPU
		{0CF07B17-9DF7-4117-89B2-827A2EC68CF6}.Debug|Any CPU.Build.0 = Debug|Any CPU
		{0CF07B17-9DF7-4117-89B2-827A2EC68CF6}.Release|Any CPU.ActiveCfg = Release|Any CPU
		{0CF07B17-9DF7-4117-89B2-827A2EC68CF6}.Release|Any CPU.Build.0 = Release|Any CPU
	EndGlobalSection
	GlobalSection(SolutionProperties) = preSolution
		HideSolutionNode = FALSE
	EndGlobalSection
	GlobalSection(ExtensibilityGlobals) = postSolution
		SolutionGuid = {433EF762-C0B6-43EA-8EBB-E33C248D3285}
	EndGlobalSection
EndGlobal
